{
  "version": 4,
  "terraform_version": "0.12.20",
  "serial": 20,
  "lineage": "8adc73cc-d994-0bff-baa3-c61660c799ed",
  "outputs": {},
  "resources": [
    {
      "mode": "managed",
      "type": "azurerm_app_service",
      "name": "projet_terraform",
      "provider": "provider.azurerm",
      "instances": [
        {
          "schema_version": 0,
          "attributes": {
            "app_service_plan_id": "/subscriptions/dec214c2-b7e8-47de-8114-5234ee62172a/resourceGroups/projet_terraform/providers/Microsoft.Web/serverfarms/appserviceplan",
            "app_settings": {
              "SOME_KEY": "some-value"
            },
            "auth_settings": [
              {
                "active_directory": [],
                "additional_login_params": {},
                "allowed_external_redirect_urls": [],
                "default_provider": "",
                "enabled": false,
                "facebook": [],
                "google": [],
                "issuer": "",
                "microsoft": [],
                "runtime_version": "",
                "token_refresh_extension_hours": 0,
                "token_store_enabled": false,
                "twitter": [],
                "unauthenticated_client_action": ""
              }
            ],
            "backup": [],
            "client_affinity_enabled": false,
            "client_cert_enabled": false,
            "connection_string": [
              {
                "name": "Database",
                "type": "SQLServer",
                "value": "Server=some-server.mydomain.com;Integrated Security=SSPI"
              }
            ],
            "custom_domain_verification_id": "45D54E8DAD50212CEADFB591208D341718C40C0560C7C3271A16A33EA387807E",
            "default_site_hostname": "appserviceesgielectif.azurewebsites.net",
            "enabled": true,
            "https_only": false,
            "id": "/subscriptions/dec214c2-b7e8-47de-8114-5234ee62172a/resourceGroups/projet_terraform/providers/Microsoft.Web/sites/appserviceesgielectif",
            "identity": [],
            "location": "westeurope",
            "logs": [
              {
                "application_logs": [
                  {
                    "azure_blob_storage": [],
                    "file_system_level": "Off"
                  }
                ],
                "detailed_error_messages_enabled": false,
                "failed_request_tracing_enabled": false,
                "http_logs": [
                  {
                    "azure_blob_storage": [],
                    "file_system": []
                  }
                ]
              }
            ],
            "name": "appserviceesgielectif",
            "outbound_ip_address_list": [
              "20.73.233.133",
              "20.73.233.186",
              "20.73.238.52",
              "20.73.239.10",
              "20.73.239.153",
              "20.73.239.154",
              "20.50.2.33"
            ],
            "outbound_ip_addresses": "20.73.233.133,20.73.233.186,20.73.238.52,20.73.239.10,20.73.239.153,20.73.239.154,20.50.2.33",
            "possible_outbound_ip_address_list": [
              "20.73.233.133",
              "20.73.233.186",
              "20.73.238.52",
              "20.73.239.10",
              "20.73.239.153",
              "20.73.239.154",
              "20.73.239.160",
              "20.73.112.106",
              "20.73.112.111",
              "20.73.112.143",
              "20.73.112.153",
              "20.73.113.60",
              "20.73.113.133",
              "20.73.113.175",
              "20.73.113.192",
              "20.73.113.199",
              "20.73.114.46",
              "20.73.114.80",
              "20.73.114.83",
              "20.73.114.88",
              "20.73.114.105",
              "20.73.114.165",
              "20.73.114.206",
              "20.73.237.142",
              "20.73.115.12",
              "20.71.75.226",
              "20.73.115.29",
              "20.73.115.77",
              "20.73.115.118",
              "20.73.115.135",
              "20.50.2.33"
            ],
            "possible_outbound_ip_addresses": "20.73.233.133,20.73.233.186,20.73.238.52,20.73.239.10,20.73.239.153,20.73.239.154,20.73.239.160,20.73.112.106,20.73.112.111,20.73.112.143,20.73.112.153,20.73.113.60,20.73.113.133,20.73.113.175,20.73.113.192,20.73.113.199,20.73.114.46,20.73.114.80,20.73.114.83,20.73.114.88,20.73.114.105,20.73.114.165,20.73.114.206,20.73.237.142,20.73.115.12,20.71.75.226,20.73.115.29,20.73.115.77,20.73.115.118,20.73.115.135,20.50.2.33",
            "resource_group_name": "projet_terraform",
            "site_config": [
              {
                "always_on": false,
                "app_command_line": "",
                "auto_swap_slot_name": "",
                "cors": [
                  {
                    "allowed_origins": [],
                    "support_credentials": false
                  }
                ],
                "default_documents": [],
                "dotnet_framework_version": "v4.0",
                "ftps_state": "AllAllowed",
                "health_check_path": "",
                "http2_enabled": false,
                "ip_restriction": [],
                "java_container": "",
                "java_container_version": "",
                "java_version": "",
                "linux_fx_version": "",
                "local_mysql_enabled": false,
                "managed_pipeline_mode": "Integrated",
                "min_tls_version": "1.2",
                "number_of_workers": 1,
                "php_version": "",
                "python_version": "",
                "remote_debugging_enabled": false,
                "remote_debugging_version": "VS2019",
                "scm_ip_restriction": [],
                "scm_type": "LocalGit",
                "scm_use_main_ip_restriction": false,
                "use_32_bit_worker_process": false,
                "websockets_enabled": false,
                "windows_fx_version": ""
              }
            ],
            "site_credential": [
              {
                "password": "zm3gcN1dGPvrvDTfFWEoDbYsrr7EqT2ZgSark4an00t2WnLJEQwG04QEGMaP",
                "username": "$appserviceesgielectif"
              }
            ],
            "source_control": [
              {
                "branch": "master",
                "manual_integration": false,
                "repo_url": "https://appserviceesgielectif.scm.azurewebsites.net",
                "rollback_enabled": false,
                "use_mercurial": false
              }
            ],
            "storage_account": [],
            "tags": {},
            "timeouts": null
          },
          "private": "eyJlMmJmYjczMC1lY2FhLTExZTYtOGY4OC0zNDM2M2JjN2M0YzAiOnsiY3JlYXRlIjoxODAwMDAwMDAwMDAwLCJkZWxldGUiOjE4MDAwMDAwMDAwMDAsInJlYWQiOjMwMDAwMDAwMDAwMCwidXBkYXRlIjoxODAwMDAwMDAwMDAwfX0=",
          "dependencies": [
            "azurerm_app_service_plan.projet_terraform",
            "azurerm_resource_group.projet_terraform"
          ]
        }
      ]
    },
    {
      "mode": "managed",
      "type": "azurerm_app_service_plan",
      "name": "projet_fuctionapp",
      "provider": "provider.azurerm",
      "instances": [
        {
          "schema_version": 0,
          "attributes": {
            "app_service_environment_id": "",
            "id": "/subscriptions/dec214c2-b7e8-47de-8114-5234ee62172a/resourceGroups/projet_terraform/providers/Microsoft.Web/serverfarms/azure-functions-test-service-plan",
            "is_xenon": false,
            "kind": "Windows",
            "location": "westeurope",
            "maximum_elastic_worker_count": 1,
            "maximum_number_of_workers": 10,
            "name": "azure-functions-test-service-plan",
            "per_site_scaling": false,
            "reserved": false,
            "resource_group_name": "projet_terraform",
            "sku": [
              {
                "capacity": 1,
                "size": "S1",
                "tier": "Standard"
              }
            ],
            "tags": {},
            "timeouts": null
          },
          "private": "eyJlMmJmYjczMC1lY2FhLTExZTYtOGY4OC0zNDM2M2JjN2M0YzAiOnsiY3JlYXRlIjozNjAwMDAwMDAwMDAwLCJkZWxldGUiOjM2MDAwMDAwMDAwMDAsInJlYWQiOjMwMDAwMDAwMDAwMCwidXBkYXRlIjozNjAwMDAwMDAwMDAwfX0=",
          "dependencies": [
            "azurerm_resource_group.projet_terraform"
          ]
        }
      ]
    },
    {
      "mode": "managed",
      "type": "azurerm_app_service_plan",
      "name": "projet_terraform",
      "provider": "provider.azurerm",
      "instances": [
        {
          "schema_version": 0,
          "attributes": {
            "app_service_environment_id": "",
            "id": "/subscriptions/dec214c2-b7e8-47de-8114-5234ee62172a/resourceGroups/projet_terraform/providers/Microsoft.Web/serverfarms/appserviceplan",
            "is_xenon": false,
            "kind": "Windows",
            "location": "westeurope",
            "maximum_elastic_worker_count": 1,
            "maximum_number_of_workers": 10,
            "name": "appserviceplan",
            "per_site_scaling": false,
            "reserved": false,
            "resource_group_name": "projet_terraform",
            "sku": [
              {
                "capacity": 1,
                "size": "S1",
                "tier": "Standard"
              }
            ],
            "tags": {},
            "timeouts": null
          },
          "private": "eyJlMmJmYjczMC1lY2FhLTExZTYtOGY4OC0zNDM2M2JjN2M0YzAiOnsiY3JlYXRlIjozNjAwMDAwMDAwMDAwLCJkZWxldGUiOjM2MDAwMDAwMDAwMDAsInJlYWQiOjMwMDAwMDAwMDAwMCwidXBkYXRlIjozNjAwMDAwMDAwMDAwfX0=",
          "dependencies": [
            "azurerm_resource_group.projet_terraform"
          ]
        }
      ]
    },
    {
      "mode": "managed",
      "type": "azurerm_function_app",
      "name": "projet_terraform",
      "provider": "provider.azurerm",
      "instances": [
        {
          "schema_version": 0,
          "attributes": {
            "app_service_plan_id": "/subscriptions/dec214c2-b7e8-47de-8114-5234ee62172a/resourceGroups/projet_terraform/providers/Microsoft.Web/serverfarms/azure-functions-test-service-plan",
            "app_settings": {},
            "auth_settings": [
              {
                "active_directory": [],
                "additional_login_params": {},
                "allowed_external_redirect_urls": [],
                "default_provider": "",
                "enabled": false,
                "facebook": [],
                "google": [],
                "issuer": "",
                "microsoft": [],
                "runtime_version": "",
                "token_refresh_extension_hours": 0,
                "token_store_enabled": false,
                "twitter": [],
                "unauthenticated_client_action": ""
              }
            ],
            "client_affinity_enabled": false,
            "client_cert_mode": "",
            "connection_string": [],
            "custom_domain_verification_id": "45D54E8DAD50212CEADFB591208D341718C40C0560C7C3271A16A33EA387807E",
            "daily_memory_time_quota": 0,
            "default_hostname": "azure-functionsesgielectif.azurewebsites.net",
            "enable_builtin_logging": true,
            "enabled": true,
            "https_only": false,
            "id": "/subscriptions/dec214c2-b7e8-47de-8114-5234ee62172a/resourceGroups/projet_terraform/providers/Microsoft.Web/sites/azure-functionsesgielectif",
            "identity": [],
            "kind": "functionapp",
            "location": "westeurope",
            "name": "azure-functionsesgielectif",
            "os_type": "",
            "outbound_ip_addresses": "20.73.233.133,20.73.233.186,20.73.238.52,20.73.239.10,20.73.239.153,20.73.239.154,20.50.2.33",
            "possible_outbound_ip_addresses": "20.73.233.133,20.73.233.186,20.73.238.52,20.73.239.10,20.73.239.153,20.73.239.154,20.73.239.160,20.73.112.106,20.73.112.111,20.73.112.143,20.73.112.153,20.73.113.60,20.73.113.133,20.73.113.175,20.73.113.192,20.73.113.199,20.73.114.46,20.73.114.80,20.73.114.83,20.73.114.88,20.73.114.105,20.73.114.165,20.73.114.206,20.73.237.142,20.73.115.12,20.71.75.226,20.73.115.29,20.73.115.77,20.73.115.118,20.73.115.135,20.50.2.33",
            "resource_group_name": "projet_terraform",
            "site_config": [
              {
                "always_on": false,
                "auto_swap_slot_name": "",
                "cors": [],
                "ftps_state": "AllAllowed",
                "health_check_path": "",
                "http2_enabled": false,
                "ip_restriction": [],
                "linux_fx_version": "",
                "min_tls_version": "1.2",
                "pre_warmed_instance_count": 0,
                "scm_ip_restriction": [],
                "scm_type": "None",
                "scm_use_main_ip_restriction": false,
                "use_32_bit_worker_process": true,
                "websockets_enabled": false
              }
            ],
            "site_credential": [
              {
                "password": "65Cv3Xps3zyM27JrjucRSzvaSSZkpQp2col4ssL4rMlek4y5AD3Fcz147hgb",
                "username": "$azure-functionsesgielectif"
              }
            ],
            "source_control": [
              {
                "branch": "master",
                "manual_integration": false,
                "repo_url": "",
                "rollback_enabled": false,
                "use_mercurial": false
              }
            ],
            "storage_account_access_key": "ffNZ69ymln0/Jop47QCOZ2WvYKUy2QDbGFkyqev8X3opbuo5ggEv72fGzgHw3Y8AW6GBw9GY12E45zs/n6E/+Q==",
            "storage_account_name": "azfunctionesgielectif",
            "storage_connection_string": "DefaultEndpointsProtocol=https;AccountName=azfunctionesgielectif;AccountKey=ffNZ69ymln0/Jop47QCOZ2WvYKUy2QDbGFkyqev8X3opbuo5ggEv72fGzgHw3Y8AW6GBw9GY12E45zs/n6E/+Q==;EndpointSuffix=core.windows.net",
            "tags": null,
            "timeouts": null,
            "version": "~1"
          },
          "private": "eyJlMmJmYjczMC1lY2FhLTExZTYtOGY4OC0zNDM2M2JjN2M0YzAiOnsiY3JlYXRlIjoxODAwMDAwMDAwMDAwLCJkZWxldGUiOjE4MDAwMDAwMDAwMDAsInJlYWQiOjMwMDAwMDAwMDAwMCwidXBkYXRlIjoxODAwMDAwMDAwMDAwfX0=",
          "dependencies": [
            "azurerm_app_service_plan.projet_fuctionapp",
            "azurerm_resource_group.projet_terraform",
            "azurerm_storage_account.projet_azfunction"
          ]
        }
      ]
    },
    {
      "mode": "managed",
      "type": "azurerm_mysql_server",
      "name": "projet_terraform",
      "provider": "provider.azurerm",
      "instances": [
        {
          "schema_version": 0,
          "attributes": {
            "administrator_login": "mysqladminun",
            "administrator_login_password": "H@Sh1CoR3!",
            "auto_grow_enabled": true,
            "backup_retention_days": 7,
            "create_mode": "Default",
            "creation_source_server_id": null,
            "fqdn": "mysqlserveresgielectif.mysql.database.azure.com",
            "geo_redundant_backup_enabled": false,
            "id": "/subscriptions/dec214c2-b7e8-47de-8114-5234ee62172a/resourceGroups/projet_terraform/providers/Microsoft.DBforMySQL/servers/mysqlserveresgielectif",
            "identity": [],
            "infrastructure_encryption_enabled": false,
            "location": "westeurope",
            "name": "mysqlserveresgielectif",
            "public_network_access_enabled": true,
            "resource_group_name": "projet_terraform",
            "restore_point_in_time": null,
            "sku_name": "B_Gen5_2",
            "ssl_enforcement": "Enabled",
            "ssl_enforcement_enabled": true,
            "ssl_minimal_tls_version_enforced": "TLS1_2",
            "storage_mb": 5120,
            "storage_profile": [
              {
                "auto_grow": "Enabled",
                "backup_retention_days": 7,
                "geo_redundant_backup": "Disabled",
                "storage_mb": 5120
              }
            ],
            "tags": {},
            "threat_detection_policy": [],
            "timeouts": null,
            "version": "5.7"
          },
          "private": "eyJlMmJmYjczMC1lY2FhLTExZTYtOGY4OC0zNDM2M2JjN2M0YzAiOnsiY3JlYXRlIjozNjAwMDAwMDAwMDAwLCJkZWxldGUiOjM2MDAwMDAwMDAwMDAsInJlYWQiOjMwMDAwMDAwMDAwMCwidXBkYXRlIjozNjAwMDAwMDAwMDAwfX0=",
          "dependencies": [
            "azurerm_resource_group.projet_terraform"
          ]
        }
      ]
    },
    {
      "mode": "managed",
      "type": "azurerm_resource_group",
      "name": "projet_terraform",
      "provider": "provider.azurerm",
      "instances": [
        {
          "schema_version": 0,
          "attributes": {
            "id": "/subscriptions/dec214c2-b7e8-47de-8114-5234ee62172a/resourceGroups/projet_terraform",
            "location": "westeurope",
            "name": "projet_terraform",
            "tags": {},
            "timeouts": null
          },
          "private": "eyJlMmJmYjczMC1lY2FhLTExZTYtOGY4OC0zNDM2M2JjN2M0YzAiOnsiY3JlYXRlIjo1NDAwMDAwMDAwMDAwLCJkZWxldGUiOjU0MDAwMDAwMDAwMDAsInJlYWQiOjMwMDAwMDAwMDAwMCwidXBkYXRlIjo1NDAwMDAwMDAwMDAwfX0="
        }
      ]
    },
    {
      "mode": "managed",
      "type": "azurerm_storage_account",
      "name": "projet_azfunction",
      "provider": "provider.azurerm",
      "instances": [
        {
          "schema_version": 2,
          "attributes": {
            "access_tier": "Hot",
            "account_kind": "StorageV2",
            "account_replication_type": "LRS",
            "account_tier": "Standard",
            "allow_blob_public_access": false,
            "blob_properties": [],
            "custom_domain": [],
            "enable_https_traffic_only": true,
            "id": "/subscriptions/dec214c2-b7e8-47de-8114-5234ee62172a/resourceGroups/projet_terraform/providers/Microsoft.Storage/storageAccounts/azfunctionesgielectif",
            "identity": [],
            "is_hns_enabled": false,
            "large_file_share_enabled": null,
            "location": "westeurope",
            "min_tls_version": "TLS1_0",
            "name": "azfunctionesgielectif",
            "network_rules": [
              {
                "bypass": [
                  "AzureServices"
                ],
                "default_action": "Allow",
                "ip_rules": [],
                "virtual_network_subnet_ids": []
              }
            ],
            "primary_access_key": "ffNZ69ymln0/Jop47QCOZ2WvYKUy2QDbGFkyqev8X3opbuo5ggEv72fGzgHw3Y8AW6GBw9GY12E45zs/n6E/+Q==",
            "primary_blob_connection_string": "DefaultEndpointsProtocol=https;BlobEndpoint=https://azfunctionesgielectif.blob.core.windows.net/;AccountName=azfunctionesgielectif;AccountKey=ffNZ69ymln0/Jop47QCOZ2WvYKUy2QDbGFkyqev8X3opbuo5ggEv72fGzgHw3Y8AW6GBw9GY12E45zs/n6E/+Q==",
            "primary_blob_endpoint": "https://azfunctionesgielectif.blob.core.windows.net/",
            "primary_blob_host": "azfunctionesgielectif.blob.core.windows.net",
            "primary_connection_string": "DefaultEndpointsProtocol=https;AccountName=azfunctionesgielectif;AccountKey=ffNZ69ymln0/Jop47QCOZ2WvYKUy2QDbGFkyqev8X3opbuo5ggEv72fGzgHw3Y8AW6GBw9GY12E45zs/n6E/+Q==;EndpointSuffix=core.windows.net",
            "primary_dfs_endpoint": "https://azfunctionesgielectif.dfs.core.windows.net/",
            "primary_dfs_host": "azfunctionesgielectif.dfs.core.windows.net",
            "primary_file_endpoint": "https://azfunctionesgielectif.file.core.windows.net/",
            "primary_file_host": "azfunctionesgielectif.file.core.windows.net",
            "primary_location": "westeurope",
            "primary_queue_endpoint": "https://azfunctionesgielectif.queue.core.windows.net/",
            "primary_queue_host": "azfunctionesgielectif.queue.core.windows.net",
            "primary_table_endpoint": "https://azfunctionesgielectif.table.core.windows.net/",
            "primary_table_host": "azfunctionesgielectif.table.core.windows.net",
            "primary_web_endpoint": "https://azfunctionesgielectif.z6.web.core.windows.net/",
            "primary_web_host": "azfunctionesgielectif.z6.web.core.windows.net",
            "queue_properties": [
              {
                "cors_rule": [],
                "hour_metrics": [
                  {
                    "enabled": true,
                    "include_apis": true,
                    "retention_policy_days": 7,
                    "version": "1.0"
                  }
                ],
                "logging": [
                  {
                    "delete": false,
                    "read": false,
                    "retention_policy_days": 0,
                    "version": "1.0",
                    "write": false
                  }
                ],
                "minute_metrics": [
                  {
                    "enabled": false,
                    "include_apis": false,
                    "retention_policy_days": 0,
                    "version": "1.0"
                  }
                ]
              }
            ],
            "resource_group_name": "projet_terraform",
            "secondary_access_key": "82h+QOJ9AKi1qlEcAOAckHFRURdRmuCc/ueCU88nD5US0zc+r7ViWkRPWQnwdk8C0ViQOiZV9QDwBX+mIASLgg==",
            "secondary_blob_connection_string": "",
            "secondary_blob_endpoint": null,
            "secondary_blob_host": null,
            "secondary_connection_string": "DefaultEndpointsProtocol=https;AccountName=azfunctionesgielectif;AccountKey=82h+QOJ9AKi1qlEcAOAckHFRURdRmuCc/ueCU88nD5US0zc+r7ViWkRPWQnwdk8C0ViQOiZV9QDwBX+mIASLgg==;EndpointSuffix=core.windows.net",
            "secondary_dfs_endpoint": null,
            "secondary_dfs_host": null,
            "secondary_file_endpoint": null,
            "secondary_file_host": null,
            "secondary_location": "",
            "secondary_queue_endpoint": null,
            "secondary_queue_host": null,
            "secondary_table_endpoint": null,
            "secondary_table_host": null,
            "secondary_web_endpoint": null,
            "secondary_web_host": null,
            "static_website": [],
            "tags": {},
            "timeouts": null
          },
          "private": "eyJlMmJmYjczMC1lY2FhLTExZTYtOGY4OC0zNDM2M2JjN2M0YzAiOnsiY3JlYXRlIjozNjAwMDAwMDAwMDAwLCJkZWxldGUiOjM2MDAwMDAwMDAwMDAsInJlYWQiOjMwMDAwMDAwMDAwMCwidXBkYXRlIjozNjAwMDAwMDAwMDAwfSwic2NoZW1hX3ZlcnNpb24iOiIyIn0=",
          "dependencies": [
            "azurerm_resource_group.projet_terraform"
          ]
        }
      ]
    },
    {
      "mode": "managed",
      "type": "azurerm_storage_account",
      "name": "projet_azstorage",
      "provider": "provider.azurerm",
      "instances": [
        {
          "schema_version": 2,
          "attributes": {
            "access_tier": "Hot",
            "account_kind": "StorageV2",
            "account_replication_type": "LRS",
            "account_tier": "Standard",
            "allow_blob_public_access": false,
            "blob_properties": [],
            "custom_domain": [],
            "enable_https_traffic_only": true,
            "id": "/subscriptions/dec214c2-b7e8-47de-8114-5234ee62172a/resourceGroups/projet_terraform/providers/Microsoft.Storage/storageAccounts/azstorageesgielectif",
            "identity": [],
            "is_hns_enabled": false,
            "large_file_share_enabled": null,
            "location": "westeurope",
            "min_tls_version": "TLS1_0",
            "name": "azstorageesgielectif",
            "network_rules": [
              {
                "bypass": [
                  "AzureServices"
                ],
                "default_action": "Allow",
                "ip_rules": [],
                "virtual_network_subnet_ids": []
              }
            ],
            "primary_access_key": "iSkWoBJakzudhe9rPmBUS6UOcp7l/DLcwTBZAY4q7SEGq5Sk+vc670r3OZL35WAEMy60LNPsNiMaHgE18V8mxw==",
            "primary_blob_connection_string": "DefaultEndpointsProtocol=https;BlobEndpoint=https://azstorageesgielectif.blob.core.windows.net/;AccountName=azstorageesgielectif;AccountKey=iSkWoBJakzudhe9rPmBUS6UOcp7l/DLcwTBZAY4q7SEGq5Sk+vc670r3OZL35WAEMy60LNPsNiMaHgE18V8mxw==",
            "primary_blob_endpoint": "https://azstorageesgielectif.blob.core.windows.net/",
            "primary_blob_host": "azstorageesgielectif.blob.core.windows.net",
            "primary_connection_string": "DefaultEndpointsProtocol=https;AccountName=azstorageesgielectif;AccountKey=iSkWoBJakzudhe9rPmBUS6UOcp7l/DLcwTBZAY4q7SEGq5Sk+vc670r3OZL35WAEMy60LNPsNiMaHgE18V8mxw==;EndpointSuffix=core.windows.net",
            "primary_dfs_endpoint": "https://azstorageesgielectif.dfs.core.windows.net/",
            "primary_dfs_host": "azstorageesgielectif.dfs.core.windows.net",
            "primary_file_endpoint": "https://azstorageesgielectif.file.core.windows.net/",
            "primary_file_host": "azstorageesgielectif.file.core.windows.net",
            "primary_location": "westeurope",
            "primary_queue_endpoint": "https://azstorageesgielectif.queue.core.windows.net/",
            "primary_queue_host": "azstorageesgielectif.queue.core.windows.net",
            "primary_table_endpoint": "https://azstorageesgielectif.table.core.windows.net/",
            "primary_table_host": "azstorageesgielectif.table.core.windows.net",
            "primary_web_endpoint": "https://azstorageesgielectif.z6.web.core.windows.net/",
            "primary_web_host": "azstorageesgielectif.z6.web.core.windows.net",
            "queue_properties": [
              {
                "cors_rule": [],
                "hour_metrics": [
                  {
                    "enabled": true,
                    "include_apis": true,
                    "retention_policy_days": 7,
                    "version": "1.0"
                  }
                ],
                "logging": [
                  {
                    "delete": false,
                    "read": false,
                    "retention_policy_days": 0,
                    "version": "1.0",
                    "write": false
                  }
                ],
                "minute_metrics": [
                  {
                    "enabled": false,
                    "include_apis": false,
                    "retention_policy_days": 0,
                    "version": "1.0"
                  }
                ]
              }
            ],
            "resource_group_name": "projet_terraform",
            "secondary_access_key": "5RSnRR9LFV2/hdPKLwTh/K+vk3ftT/cxQvxStoWVogRqCar9aIgBeJBT5G77OOItPx5/Ll7XU+ORZlBdjp8YzQ==",
            "secondary_blob_connection_string": "",
            "secondary_blob_endpoint": null,
            "secondary_blob_host": null,
            "secondary_connection_string": "DefaultEndpointsProtocol=https;AccountName=azstorageesgielectif;AccountKey=5RSnRR9LFV2/hdPKLwTh/K+vk3ftT/cxQvxStoWVogRqCar9aIgBeJBT5G77OOItPx5/Ll7XU+ORZlBdjp8YzQ==;EndpointSuffix=core.windows.net",
            "secondary_dfs_endpoint": null,
            "secondary_dfs_host": null,
            "secondary_file_endpoint": null,
            "secondary_file_host": null,
            "secondary_location": "",
            "secondary_queue_endpoint": null,
            "secondary_queue_host": null,
            "secondary_table_endpoint": null,
            "secondary_table_host": null,
            "secondary_web_endpoint": null,
            "secondary_web_host": null,
            "static_website": [],
            "tags": {},
            "timeouts": null
          },
          "private": "eyJlMmJmYjczMC1lY2FhLTExZTYtOGY4OC0zNDM2M2JjN2M0YzAiOnsiY3JlYXRlIjozNjAwMDAwMDAwMDAwLCJkZWxldGUiOjM2MDAwMDAwMDAwMDAsInJlYWQiOjMwMDAwMDAwMDAwMCwidXBkYXRlIjozNjAwMDAwMDAwMDAwfSwic2NoZW1hX3ZlcnNpb24iOiIyIn0=",
          "dependencies": [
            "azurerm_resource_group.projet_terraform"
          ]
        }
      ]
    },
    {
      "mode": "managed",
      "type": "azurerm_storage_account",
      "name": "projet_hdinsight",
      "provider": "provider.azurerm",
      "instances": [
        {
          "schema_version": 2,
          "attributes": {
            "access_tier": "Hot",
            "account_kind": "StorageV2",
            "account_replication_type": "LRS",
            "account_tier": "Standard",
            "allow_blob_public_access": false,
            "blob_properties": [],
            "custom_domain": [],
            "enable_https_traffic_only": true,
            "id": "/subscriptions/dec214c2-b7e8-47de-8114-5234ee62172a/resourceGroups/projet_terraform/providers/Microsoft.Storage/storageAccounts/hdinsightstoresgielectif",
            "identity": [],
            "is_hns_enabled": false,
            "large_file_share_enabled": null,
            "location": "westeurope",
            "min_tls_version": "TLS1_0",
            "name": "hdinsightstoresgielectif",
            "network_rules": [
              {
                "bypass": [
                  "AzureServices"
                ],
                "default_action": "Allow",
                "ip_rules": [],
                "virtual_network_subnet_ids": []
              }
            ],
            "primary_access_key": "q/vJaW5AOV0HTQXkE3cXfGniWnb+9D7Gibl5PAzdqmLVAVLe/Rul9w/kD8DeEWcRPKMs/DaIq7peVWmiDBu8PA==",
            "primary_blob_connection_string": "DefaultEndpointsProtocol=https;BlobEndpoint=https://hdinsightstoresgielectif.blob.core.windows.net/;AccountName=hdinsightstoresgielectif;AccountKey=q/vJaW5AOV0HTQXkE3cXfGniWnb+9D7Gibl5PAzdqmLVAVLe/Rul9w/kD8DeEWcRPKMs/DaIq7peVWmiDBu8PA==",
            "primary_blob_endpoint": "https://hdinsightstoresgielectif.blob.core.windows.net/",
            "primary_blob_host": "hdinsightstoresgielectif.blob.core.windows.net",
            "primary_connection_string": "DefaultEndpointsProtocol=https;AccountName=hdinsightstoresgielectif;AccountKey=q/vJaW5AOV0HTQXkE3cXfGniWnb+9D7Gibl5PAzdqmLVAVLe/Rul9w/kD8DeEWcRPKMs/DaIq7peVWmiDBu8PA==;EndpointSuffix=core.windows.net",
            "primary_dfs_endpoint": "https://hdinsightstoresgielectif.dfs.core.windows.net/",
            "primary_dfs_host": "hdinsightstoresgielectif.dfs.core.windows.net",
            "primary_file_endpoint": "https://hdinsightstoresgielectif.file.core.windows.net/",
            "primary_file_host": "hdinsightstoresgielectif.file.core.windows.net",
            "primary_location": "westeurope",
            "primary_queue_endpoint": "https://hdinsightstoresgielectif.queue.core.windows.net/",
            "primary_queue_host": "hdinsightstoresgielectif.queue.core.windows.net",
            "primary_table_endpoint": "https://hdinsightstoresgielectif.table.core.windows.net/",
            "primary_table_host": "hdinsightstoresgielectif.table.core.windows.net",
            "primary_web_endpoint": "https://hdinsightstoresgielectif.z6.web.core.windows.net/",
            "primary_web_host": "hdinsightstoresgielectif.z6.web.core.windows.net",
            "queue_properties": [
              {
                "cors_rule": [],
                "hour_metrics": [
                  {
                    "enabled": true,
                    "include_apis": true,
                    "retention_policy_days": 7,
                    "version": "1.0"
                  }
                ],
                "logging": [
                  {
                    "delete": false,
                    "read": false,
                    "retention_policy_days": 0,
                    "version": "1.0",
                    "write": false
                  }
                ],
                "minute_metrics": [
                  {
                    "enabled": false,
                    "include_apis": false,
                    "retention_policy_days": 0,
                    "version": "1.0"
                  }
                ]
              }
            ],
            "resource_group_name": "projet_terraform",
            "secondary_access_key": "//qJ9EZL+ZqzUBkTEVXtSPa+tJhbUpfHqihNeSGWFDaV54g/YIdQj1mLaKjrSTYNv74p2wMp3FOJdhvSqLn+aA==",
            "secondary_blob_connection_string": "",
            "secondary_blob_endpoint": null,
            "secondary_blob_host": null,
            "secondary_connection_string": "DefaultEndpointsProtocol=https;AccountName=hdinsightstoresgielectif;AccountKey=//qJ9EZL+ZqzUBkTEVXtSPa+tJhbUpfHqihNeSGWFDaV54g/YIdQj1mLaKjrSTYNv74p2wMp3FOJdhvSqLn+aA==;EndpointSuffix=core.windows.net",
            "secondary_dfs_endpoint": null,
            "secondary_dfs_host": null,
            "secondary_file_endpoint": null,
            "secondary_file_host": null,
            "secondary_location": "",
            "secondary_queue_endpoint": null,
            "secondary_queue_host": null,
            "secondary_table_endpoint": null,
            "secondary_table_host": null,
            "secondary_web_endpoint": null,
            "secondary_web_host": null,
            "static_website": [],
            "tags": {},
            "timeouts": null
          },
          "private": "eyJlMmJmYjczMC1lY2FhLTExZTYtOGY4OC0zNDM2M2JjN2M0YzAiOnsiY3JlYXRlIjozNjAwMDAwMDAwMDAwLCJkZWxldGUiOjM2MDAwMDAwMDAwMDAsInJlYWQiOjMwMDAwMDAwMDAwMCwidXBkYXRlIjozNjAwMDAwMDAwMDAwfSwic2NoZW1hX3ZlcnNpb24iOiIyIn0=",
          "dependencies": [
            "azurerm_resource_group.projet_terraform"
          ]
        }
      ]
    },
    {
      "mode": "managed",
      "type": "azurerm_storage_container",
      "name": "projet_terraform",
      "provider": "provider.azurerm",
      "instances": [
        {
          "schema_version": 1,
          "attributes": {
            "container_access_type": "private",
            "has_immutability_policy": false,
            "has_legal_hold": false,
            "id": "https://hdinsightstoresgielectif.blob.core.windows.net/hdinsight",
            "metadata": {},
            "name": "hdinsight",
            "resource_manager_id": "/subscriptions/dec214c2-b7e8-47de-8114-5234ee62172a/resourceGroups/projet_terraform/providers/Microsoft.Storage/storageAccounts/hdinsightstoresgielectif/blobServices/default/containers/hdinsight",
            "storage_account_name": "hdinsightstoresgielectif",
            "timeouts": null
          },
          "private": "eyJlMmJmYjczMC1lY2FhLTExZTYtOGY4OC0zNDM2M2JjN2M0YzAiOnsiY3JlYXRlIjoxODAwMDAwMDAwMDAwLCJkZWxldGUiOjE4MDAwMDAwMDAwMDAsInJlYWQiOjMwMDAwMDAwMDAwMCwidXBkYXRlIjoxODAwMDAwMDAwMDAwfSwic2NoZW1hX3ZlcnNpb24iOiIxIn0=",
          "dependencies": [
            "azurerm_resource_group.projet_terraform",
            "azurerm_storage_account.projet_hdinsight"
          ]
        }
      ]
    },
    {
      "mode": "managed",
      "type": "azurerm_storage_share",
      "name": "projet_terraform",
      "provider": "provider.azurerm",
      "instances": [
        {
          "schema_version": 2,
          "attributes": {
            "acl": [
              {
                "access_policy": [
                  {
                    "expiry": "2019-07-02T10:38:21.0000000Z",
                    "permissions": "rwdl",
                    "start": "2019-07-02T09:38:21.0000000Z"
                  }
                ],
                "id": "MTIzNDU2Nzg5MDEyMzQ1Njc4OTAxMjM0NTY3ODkwMTI"
              }
            ],
            "id": "https://azstorageesgielectif.file.core.windows.net/sharename",
            "metadata": {},
            "name": "sharename",
            "quota": 50,
            "resource_manager_id": "/subscriptions/dec214c2-b7e8-47de-8114-5234ee62172a/resourceGroups/projet_terraform/providers/Microsoft.Storage/storageAccounts/azstorageesgielectif/fileServices/default/shares/sharename",
            "storage_account_name": "azstorageesgielectif",
            "timeouts": null,
            "url": "https://azstorageesgielectif.file.core.windows.net/sharename"
          },
          "private": "eyJlMmJmYjczMC1lY2FhLTExZTYtOGY4OC0zNDM2M2JjN2M0YzAiOnsiY3JlYXRlIjoxODAwMDAwMDAwMDAwLCJkZWxldGUiOjE4MDAwMDAwMDAwMDAsInJlYWQiOjMwMDAwMDAwMDAwMCwidXBkYXRlIjoxODAwMDAwMDAwMDAwfSwic2NoZW1hX3ZlcnNpb24iOiIyIn0=",
          "dependencies": [
            "azurerm_resource_group.projet_terraform",
            "azurerm_storage_account.projet_azstorage"
          ]
        }
      ]
    },
    {
      "mode": "managed",
      "type": "azurerm_traffic_manager_endpoint",
      "name": "projet_terraform",
      "provider": "provider.azurerm",
      "instances": [
        {
          "schema_version": 0,
          "attributes": {
            "custom_header": [],
            "endpoint_location": "",
            "endpoint_monitor_status": "Degraded",
            "endpoint_status": "Enabled",
            "geo_mappings": [],
            "id": "/subscriptions/dec214c2-b7e8-47de-8114-5234ee62172a/resourceGroups/projet_terraform/providers/Microsoft.Network/trafficManagerProfiles/a4435f259e9769d2/externalEndpoints/a4435f259e9769d2",
            "min_child_endpoints": 0,
            "name": "a4435f259e9769d2",
            "priority": 1,
            "profile_name": "a4435f259e9769d2",
            "resource_group_name": "projet_terraform",
            "subnet": [],
            "target": "terraform.io",
            "target_resource_id": "",
            "timeouts": null,
            "type": "externalEndpoints",
            "weight": 100
          },
          "private": "eyJlMmJmYjczMC1lY2FhLTExZTYtOGY4OC0zNDM2M2JjN2M0YzAiOnsiY3JlYXRlIjoxODAwMDAwMDAwMDAwLCJkZWxldGUiOjE4MDAwMDAwMDAwMDAsInJlYWQiOjMwMDAwMDAwMDAwMCwidXBkYXRlIjoxODAwMDAwMDAwMDAwfX0=",
          "dependencies": [
            "azurerm_resource_group.projet_terraform",
            "azurerm_traffic_manager_profile.projet_terraform",
            "random_id.server"
          ]
        }
      ]
    },
    {
      "mode": "managed",
      "type": "azurerm_traffic_manager_profile",
      "name": "projet_terraform",
      "provider": "provider.azurerm",
      "instances": [
        {
          "schema_version": 0,
          "attributes": {
            "dns_config": [
              {
                "relative_name": "a4435f259e9769d2",
                "ttl": 100
              }
            ],
            "fqdn": "a4435f259e9769d2.trafficmanager.net",
            "id": "/subscriptions/dec214c2-b7e8-47de-8114-5234ee62172a/resourceGroups/projet_terraform/providers/Microsoft.Network/trafficManagerProfiles/a4435f259e9769d2",
            "max_return": 0,
            "monitor_config": [
              {
                "custom_header": [],
                "expected_status_code_ranges": [],
                "interval_in_seconds": 30,
                "path": "/",
                "port": 80,
                "protocol": "HTTP",
                "timeout_in_seconds": 9,
                "tolerated_number_of_failures": 3
              }
            ],
            "name": "a4435f259e9769d2",
            "profile_status": "Enabled",
            "resource_group_name": "projet_terraform",
            "tags": {},
            "timeouts": null,
            "traffic_routing_method": "Weighted",
            "traffic_view_enabled": false
          },
          "private": "eyJlMmJmYjczMC1lY2FhLTExZTYtOGY4OC0zNDM2M2JjN2M0YzAiOnsiY3JlYXRlIjoxODAwMDAwMDAwMDAwLCJkZWxldGUiOjE4MDAwMDAwMDAwMDAsInJlYWQiOjMwMDAwMDAwMDAwMCwidXBkYXRlIjoxODAwMDAwMDAwMDAwfX0=",
          "dependencies": [
            "azurerm_resource_group.projet_terraform",
            "random_id.server"
          ]
        }
      ]
    },
    {
      "mode": "managed",
      "type": "random_id",
      "name": "server",
      "provider": "provider.random",
      "instances": [
        {
          "schema_version": 0,
          "attributes": {
            "b64_std": "pENfJZ6XadI=",
            "b64_url": "pENfJZ6XadI",
            "byte_length": 8,
            "dec": "11836408860838947282",
            "hex": "a4435f259e9769d2",
            "id": "pENfJZ6XadI",
            "keepers": {
              "azi_id": "1"
            },
            "prefix": null
          },
          "private": "bnVsbA=="
        }
      ]
    }
  ]
}
